// !$*UTF8*$!
{
	archiveVersion = 1;
	classes = {
	};
	objectVersion = 48;
	objects = {

/* Begin PBXBuildFile section */
		57FDBE142063B7F300989763 /* AppDelegate.swift in Sources */ = {isa = PBXBuildFile; fileRef = 57FDBE132063B7F300989763 /* AppDelegate.swift */; };
		57FDBE162063B7F300989763 /* ViewController.swift in Sources */ = {isa = PBXBuildFile; fileRef = 57FDBE152063B7F300989763 /* ViewController.swift */; };
		57FDBE192063B7F300989763 /* Main.storyboard in Resources */ = {isa = PBXBuildFile; fileRef = 57FDBE172063B7F300989763 /* Main.storyboard */; };
		57FDBE1C2063B7F300989763 /* MiPrimerProyecto.xcdatamodeld in Sources */ = {isa = PBXBuildFile; fileRef = 57FDBE1A2063B7F300989763 /* MiPrimerProyecto.xcdatamodeld */; };
		57FDBE1E2063B7F300989763 /* Assets.xcassets in Resources */ = {isa = PBXBuildFile; fileRef = 57FDBE1D2063B7F300989763 /* Assets.xcassets */; };
		57FDBE212063B7F300989763 /* LaunchScreen.storyboard in Resources */ = {isa = PBXBuildFile; fileRef = 57FDBE1F2063B7F300989763 /* LaunchScreen.storyboard */; };
		57FDBE292073ACDE00989763 /* VCRegister.swift in Sources */ = {isa = PBXBuildFile; fileRef = 57FDBE282073ACDE00989763 /* VCRegister.swift */; };
		57FDBE2B2076288B00989763 /* VCItem1.swift in Sources */ = {isa = PBXBuildFile; fileRef = 57FDBE2A2076288B00989763 /* VCItem1.swift */; };
		57FDBE2F2076408100989763 /* MiCelda1.swift in Sources */ = {isa = PBXBuildFile; fileRef = 57FDBE2E2076408100989763 /* MiCelda1.swift */; };
		57FDBE312076436900989763 /* VCItem2.swift in Sources */ = {isa = PBXBuildFile; fileRef = 57FDBE302076436900989763 /* VCItem2.swift */; };
/* End PBXBuildFile section */

/* Begin PBXFileReference section */
		57FDBE102063B7F300989763 /* MiPrimerProyecto.app */ = {isa = PBXFileReference; explicitFileType = wrapper.application; includeInIndex = 0; path = MiPrimerProyecto.app; sourceTree = BUILT_PRODUCTS_DIR; };
		57FDBE132063B7F300989763 /* AppDelegate.swift */ = {isa = PBXFileReference; lastKnownFileType = sourcecode.swift; path = AppDelegate.swift; sourceTree = "<group>"; };
		57FDBE152063B7F300989763 /* ViewController.swift */ = {isa = PBXFileReference; lastKnownFileType = sourcecode.swift; path = ViewController.swift; sourceTree = "<group>"; };
		57FDBE182063B7F300989763 /* Base */ = {isa = PBXFileReference; lastKnownFileType = file.storyboard; name = Base; path = Base.lproj/Main.storyboard; sourceTree = "<group>"; };
		57FDBE1B2063B7F300989763 /* MiPrimerProyecto.xcdatamodel */ = {isa = PBXFileReference; lastKnownFileType = wrapper.xcdatamodel; path = MiPrimerProyecto.xcdatamodel; sourceTree = "<group>"; };
		57FDBE1D2063B7F300989763 /* Assets.xcassets */ = {isa = PBXFileReference; lastKnownFileType = folder.assetcatalog; path = Assets.xcassets; sourceTree = "<group>"; };
		57FDBE202063B7F300989763 /* Base */ = {isa = PBXFileReference; lastKnownFileType = file.storyboard; name = Base; path = Base.lproj/LaunchScreen.storyboard; sourceTree = "<group>"; };
		57FDBE222063B7F300989763 /* Info.plist */ = {isa = PBXFileReference; lastKnownFileType = text.plist.xml; path = Info.plist; sourceTree = "<group>"; };
		57FDBE282073ACDE00989763 /* VCRegister.swift */ = {isa = PBXFileReference; lastKnownFileType = sourcecode.swift; path = VCRegister.swift; sourceTree = "<group>"; };
		57FDBE2A2076288B00989763 /* VCItem1.swift */ = {isa = PBXFileReference; lastKnownFileType = sourcecode.swift; path = VCItem1.swift; sourceTree = "<group>"; };
		57FDBE2E2076408100989763 /* MiCelda1.swift */ = {isa = PBXFileReference; lastKnownFileType = sourcecode.swift; path = MiCelda1.swift; sourceTree = "<group>"; };
		57FDBE302076436900989763 /* VCItem2.swift */ = {isa = PBXFileReference; lastKnownFileType = sourcecode.swift; path = VCItem2.swift; sourceTree = "<group>"; };
/* End PBXFileReference section */

/* Begin PBXFrameworksBuildPhase section */
		57FDBE0D2063B7F300989763 /* Frameworks */ = {
			isa = PBXFrameworksBuildPhase;
			buildActionMask = 2147483647;
			files = (
			);
			runOnlyForDeploymentPostprocessing = 0;
		};
/* End PBXFrameworksBuildPhase section */

/* Begin PBXGroup section */
		57FDBE072063B7F300989763 = {
			isa = PBXGroup;
			children = (
				57FDBE122063B7F300989763 /* MiPrimerProyecto */,
				57FDBE112063B7F300989763 /* Products */,
			);
			sourceTree = "<group>";
		};
		57FDBE112063B7F300989763 /* Products */ = {
			isa = PBXGroup;
			children = (
				57FDBE102063B7F300989763 /* MiPrimerProyecto.app */,
			);
			name = Products;
			sourceTree = "<group>";
		};
		57FDBE122063B7F300989763 /* MiPrimerProyecto */ = {
			isa = PBXGroup;
			children = (
				57FDBE132063B7F300989763 /* AppDelegate.swift */,
				57FDBE152063B7F300989763 /* ViewController.swift */,
				57FDBE172063B7F300989763 /* Main.storyboard */,
				57FDBE1D2063B7F300989763 /* Assets.xcassets */,
				57FDBE1F2063B7F300989763 /* LaunchScreen.storyboard */,
				57FDBE222063B7F300989763 /* Info.plist */,
				57FDBE1A2063B7F300989763 /* MiPrimerProyecto.xcdatamodeld */,
				57FDBE282073ACDE00989763 /* VCRegister.swift */,
				57FDBE2A2076288B00989763 /* VCItem1.swift */,
				57FDBE2E2076408100989763 /* MiCelda1.swift */,
				57FDBE302076436900989763 /* VCItem2.swift */,
			);
			path = MiPrimerProyecto;
			sourceTree = "<group>";
		};
/* End PBXGroup section */

/* Begin PBXNativeTarget section */
		57FDBE0F2063B7F300989763 /* MiPrimerProyecto */ = {
			isa = PBXNativeTarget;
			buildConfigurationList = 57FDBE252063B7F300989763 /* Build configuration list for PBXNativeTarget "MiPrimerProyecto" */;
			buildPhases = (
				57FDBE0C2063B7F300989763 /* Sources */,
				57FDBE0D2063B7F300989763 /* Frameworks */,
				57FDBE0E2063B7F300989763 /* Resources */,
			);
			buildRules = (
			);
			dependencies = (
			);
			name = MiPrimerProyecto;
			productName = MiPrimerProyecto;
			productReference = 57FDBE102063B7F300989763 /* MiPrimerProyecto.app */;
			productType = "com.apple.product-type.application";
		};
/* End PBXNativeTarget section */

/* Begin PBXProject section */
		57FDBE082063B7F300989763 /* Project object */ = {
			isa = PBXProject;
			attributes = {
				LastSwiftUpdateCheck = 0920;
				LastUpgradeCheck = 0920;
				ORGANIZATIONNAME = Gloria;
				TargetAttributes = {
					57FDBE0F2063B7F300989763 = {
						CreatedOnToolsVersion = 9.2;
						ProvisioningStyle = Automatic;
					};
				};
			};
			buildConfigurationList = 57FDBE0B2063B7F300989763 /* Build configuration list for PBXProject "MiPrimerProyecto" */;
			compatibilityVersion = "Xcode 8.0";
			developmentRegion = en;
			hasScannedForEncodings = 0;
			knownRegions = (
				en,
				Base,
			);
			mainGroup = 57FDBE072063B7F300989763;
			productRefGroup = 57FDBE112063B7F300989763 /* Products */;
			projectDirPath = "";
			projectRoot = "";
			targets = (
				57FDBE0F2063B7F300989763 /* MiPrimerProyecto */,
			);
		};
/* End PBXProject section */

/* Begin PBXResourcesBuildPhase section */
		57FDBE0E2063B7F300989763 /* Resources */ = {
			isa = PBXResourcesBuildPhase;
			buildActionMask = 2147483647;
			files = (
				57FDBE212063B7F300989763 /* LaunchScreen.storyboard in Resources */,
				57FDBE1E2063B7F300989763 /* Assets.xcassets in Resources */,
				57FDBE192063B7F300989763 /* Main.storyboard in Resources */,
			);
			runOnlyForDeploymentPostprocessing = 0;
		};
/* End PBXResourcesBuildPhase section */

/* Begin PBXSourcesBuildPhase section */
		57FDBE0C2063B7F300989763 /* Sources */ = {
			isa = PBXSourcesBuildPhase;
			buildActionMask = 2147483647;
			files = (
				57FDBE1C2063B7F300989763 /* MiPrimerProyecto.xcdatamodeld in Sources */,
				57FDBE292073ACDE00989763 /* VCRegister.swift in Sources */,
				57FDBE2B2076288B00989763 /* VCItem1.swift in Sources */,
				57FDBE312076436900989763 /* VCItem2.swift in Sources */,
				57FDBE162063B7F300989763 /* ViewController.swift in Sources */,
				57FDBE2F2076408100989763 /* MiCelda1.swift in Sources */,
				57FDBE142063B7F300989763 /* AppDelegate.swift in Sources */,
			);
			runOnlyForDeploymentPostprocessing = 0;
		};
/* End PBXSourcesBuildPhase section */

/* Begin PBXVariantGroup section */
		57FDBE172063B7F300989763 /* Main.storyboard */ = {
			isa = PBXVariantGroup;
			children = (
				57FDBE182063B7F300989763 /* Base */,
			);
			name = Main.storyboard;
			sourceTree = "<group>";
		};
		57FDBE1F2063B7F300989763 /* LaunchScreen.storyboard */ = {
			isa = PBXVariantGroup;
			children = (
				57FDBE202063B7F300989763 /* Base */,
			);
			name = LaunchScreen.storyboard;
			sourceTree = "<group>";
		};
/* End PBXVariantGroup section */

/* Begin XCBuildConfiguration section */
		57FDBE232063B7F300989763 /* Debug */ = {
			isa = XCBuildConfiguration;
			buildSettings = {
				ALWAYS_SEARCH_USER_PATHS = NO;
				CLANG_ANALYZER_NONNULL = YES;
				CLANG_ANALYZER_NUMBER_OBJECT_CONVERSION = YES_AGGRESSIVE;
				CLANG_CXX_LANGUAGE_STANDARD = "gnu++14";
				CLANG_CXX_LIBRARY = "libc++";
				CLANG_ENABLE_MODULES = YES;
				CLANG_ENABLE_OBJC_ARC = YES;
				CLANG_WARN_BLOCK_CAPTURE_AUTORELEASING = YES;
				CLANG_WARN_BOOL_CONVERSION = YES;
				CLANG_WARN_COMMA = YES;
				CLANG_WARN_CONSTANT_CONVERSION = YES;
				CLANG_WARN_DIRECT_OBJC_ISA_USAGE = YES_ERROR;
				CLANG_WARN_DOCUMENTATION_COMMENTS = YES;
				CLANG_WARN_EMPTY_BODY = YES;
				CLANG_WARN_ENUM_CONVERSION = YES;
				CLANG_WARN_INFINITE_RECURSION = YES;
				CLANG_WARN_INT_CONVERSION = YES;
				CLANG_WARN_NON_LITERAL_NULL_CONVERSION = YES;
				CLANG_WARN_OBJC_LITERAL_CONVERSION = YES;
				CLANG_WARN_OBJC_ROOT_CLASS = YES_ERROR;
				CLANG_WARN_RANGE_LOOP_ANALYSIS = YES;
				CLANG_WARN_STRICT_PROTOTYPES = YES;
				CLANG_WARN_SUSPICIOUS_MOVE = YES;
				CLANG_WARN_UNGUARDED_AVAILABILITY = YES_AGGRESSIVE;
				CLANG_WARN_UNREACHABLE_CODE = YES;
				CLANG_WARN__DUPLICATE_METHOD_MATCH = YES;
				CODE_SIGN_IDENTITY = "iPhone Developer";
				COPY_PHASE_STRIP = NO;
				DEBUG_INFORMATION_FORMAT = dwarf;
				ENABLE_STRICT_OBJC_MSGSEND = YES;
				ENABLE_TESTABILITY = YES;
				GCC_C_LANGUAGE_STANDARD = gnu11;
				GCC_DYNAMIC_NO_PIC = NO;
				GCC_NO_COMMON_BLOCKS = YES;
				GCC_OPTIMIZATION_LEVEL = 0;
				GCC_PREPROCESSOR_DEFINITIONS = (
					"DEBUG=1",
					"$(inherited)",
				);
				GCC_WARN_64_TO_32_BIT_CONVERSION = YES;
				GCC_WARN_ABOUT_RETURN_TYPE = YES_ERROR;
				GCC_WARN_UNDECLARED_SELECTOR = YES;
				GCC_WARN_UNINITIALIZED_AUTOS = YES_AGGRESSIVE;
				GCC_WARN_UNUSED_FUNCTION = YES;
				GCC_WARN_UNUSED_VARIABLE = YES;
				IPHONEOS_DEPLOYMENT_TARGET = 11.2;
				MTL_ENABLE_DEBUG_INFO = YES;
				ONLY_ACTIVE_ARCH = YES;
				SDKROOT = iphoneos;
				SWIFT_ACTIVE_COMPILATION_CONDITIONS = DEBUG;
				SWIFT_OPTIMIZATION_LEVEL = "-Onone";
			};
			name = Debug;
		};
		57FDBE242063B7F300989763 /* Release */ = {
			isa = XCBuildConfiguration;
			buildSettings = {
				ALWAYS_SEARCH_USER_PATHS = NO;
				CLANG_ANALYZER_NONNULL = YES;
				CLANG_ANALYZER_NUMBER_OBJECT_CONVERSION = YES_AGGRESSIVE;
				CLANG_CXX_LANGUAGE_STANDARD = "gnu++14";
				CLANG_CXX_LIBRARY = "libc++";
				CLANG_ENABLE_MODULES = YES;
				CLANG_ENABLE_OBJC_ARC = YES;
				CLANG_WARN_BLOCK_CAPTURE_AUTORELEASING = YES;
				CLANG_WARN_BOOL_CONVERSION = YES;
				CLANG_WARN_COMMA = YES;
				CLANG_WARN_CONSTANT_CONVERSION = YES;
				CLANG_WARN_DIRECT_OBJC_ISA_USAGE = YES_ERROR;
				CLANG_WARN_DOCUMENTATION_COMMENTS = YES;
				CLANG_WARN_EMPTY_BODY = YES;
				CLANG_WARN_ENUM_CONVERSION = YES;
				CLANG_WARN_INFINITE_RECURSION = YES;
				CLANG_WARN_INT_CONVERSION = YES;
				CLANG_WARN_NON_LITERAL_NULL_CONVERSION = YES;
				CLANG_WARN_OBJC_LITERAL_CONVERSION = YES;
				CLANG_WARN_OBJC_ROOT_CLASS = YES_ERROR;
				CLANG_WARN_RANGE_LOOP_ANALYSIS = YES;
				CLANG_WARN_STRICT_PROTOTYPES = YES;
				CLANG_WARN_SUSPICIOUS_MOVE = YES;
				CLANG_WARN_UNGUARDED_AVAILABILITY = YES_AGGRESSIVE;
				CLANG_WARN_UNREACHABLE_CODE = YES;
				CLANG_WARN__DUPLICATE_METHOD_MATCH = YES;
				CODE_SIGN_IDENTITY = "iPhone Developer";
				COPY_PHASE_STRIP = NO;
				DEBUG_INFORMATION_FORMAT = "dwarf-with-dsym";
				ENABLE_NS_ASSERTIONS = NO;
				ENABLE_STRICT_OBJC_MSGSEND = YES;
				GCC_C_LANGUAGE_STANDARD = gnu11;
				GCC_NO_COMMON_BLOCKS = YES;
				GCC_WARN_64_TO_32_BIT_CONVERSION = YES;
				GCC_WARN_ABOUT_RETURN_TYPE = YES_ERROR;
				GCC_WARN_UNDECLARED_SELECTOR = YES;
				GCC_WARN_UNINITIALIZED_AUTOS = YES_AGGRESSIVE;
				GCC_WARN_UNUSED_FUNCTION = YES;
				GCC_WARN_UNUSED_VARIABLE = YES;
				IPHONEOS_DEPLOYMENT_TARGET = 11.2;
				MTL_ENABLE_DEBUG_INFO = NO;
				SDKROOT = iphoneos;
				SWIFT_OPTIMIZATION_LEVEL = "-Owholemodule";
				VALIDATE_PRODUCT = YES;
			};
			name = Release;
		};
		57FDBE262063B7F300989763 /* Debug */ = {
			isa = XCBuildConfiguration;
			buildSettings = {
				ASSETCATALOG_COMPILER_APPICON_NAME = AppIcon;
				CODE_SIGN_STYLE = Automatic;
				INFOPLIST_FILE = MiPrimerProyecto/Info.plist;
				LD_RUNPATH_SEARCH_PATHS = "$(inherited) @executable_path/Frameworks";
				PRODUCT_BUNDLE_IDENTIFIER = gloria.MiPrimerProyecto;
				PRODUCT_NAME = "$(TARGET_NAME)";
				SWIFT_VERSION = 4.0;
				TARGETED_DEVICE_FAMILY = "1,2";
			};
			name = Debug;
		};
		57FDBE272063B7F300989763 /* Release */ = {
			isa = XCBuildConfiguration;
			buildSettings = {
				ASSETCATALOG_COMPILER_APPICON_NAME = AppIcon;
				CODE_SIGN_STYLE = Automatic;
				INFOPLIST_FILE = MiPrimerProyecto/Info.plist;
				LD_RUNPATH_SEARCH_PATHS = "$(inherited) @executable_path/Frameworks";
				PRODUCT_BUNDLE_IDENTIFIER = gloria.MiPrimerProyecto;
				PRODUCT_NAME = "$(TARGET_NAME)";
				SWIFT_VERSION = 4.0;
				TARGETED_DEVICE_FAMILY = "1,2";
			};
			name = Release;
		};
/* End XCBuildConfiguration section */

/* Begin XCConfigurationList section */
		57FDBE0B2063B7F300989763 /* Build configuration list for PBXProject "MiPrimerProyecto" */ = {
			isa = XCConfigurationList;
			buildConfigurations = (
				57FDBE232063B7F300989763 /* Debug */,
				57FDBE242063B7F300989763 /* Release */,
			);
			defaultConfigurationIsVisible = 0;
			defaultConfigurationName = Release;
		};
		57FDBE252063B7F300989763 /* Build configuration list for PBXNativeTarget "MiPrimerProyecto" */ = {
			isa = XCConfigurationList;
			buildConfigurations = (
				57FDBE262063B7F300989763 /* Debug */,
				57FDBE272063B7F300989763 /* Release */,
			);
			defaultConfigurationIsVisible = 0;
			defaultConfigurationName = Release;
		};
/* End XCConfigurationList section */

/* Begin XCVersionGroup section */
		57FDBE1A2063B7F300989763 /* MiPrimerProyecto.xcdatamodeld */ = {
			isa = XCVersionGroup;
			children = (
				57FDBE1B2063B7F300989763 /* MiPrimerProyecto.xcdatamodel */,
			);
			currentVersion = 57FDBE1B2063B7F300989763 /* MiPrimerProyecto.xcdatamodel */;
			path = MiPrimerProyecto.xcdatamodeld;
			sourceTree = "<group>";
			versionGroupType = wrapper.xcdatamodel;
		};
/* End XCVersionGroup section */
	};
	rootObject = 57FDBE082063B7F300989763 /* Project object */;
}
